
Microsoft Visual Studio Solution File, Format Version 12.00
# Visual Studio Version 16
VisualStudioVersion = 16.0.34902.97
MinimumVisualStudioVersion = 10.0.40219.1
Project("{FAE04EC0-301F-11D3-BF4B-00C04F79EFBC}") = "Ecommerce", "Ecommerce.csproj", "{5047D142-EEB6-4228-ACEF-8BA3D9C65FCC}"
EndProject
Global
	GlobalSection(SolutionConfigurationPlatforms) = preSolution
		Debug|Any CPU = Debug|Any CPU
		Release|Any CPU = Release|Any CPU
	EndGlobalSection
	GlobalSection(ProjectConfigurationPlatforms) = postSolution
		{5047D142-EEB6-4228-ACEF-8BA3D9C65FCC}.Debug|Any CPU.ActiveCfg = Debug|Any CPU
		{5047D142-EEB6-4228-ACEF-8BA3D9C65FCC}.Debug|Any CPU.Build.0 = Debug|Any CPU
		{5047D142-EEB6-4228-ACEF-8BA3D9C65FCC}.Release|Any CPU.ActiveCfg = Release|Any CPU
		{5047D142-EEB6-4228-ACEF-8BA3D9C65FCC}.Release|Any CPU.Build.0 = Release|Any CPU
	EndGlobalSection
	GlobalSection(SolutionProperties) = preSolution
		HideSolutionNode = FALSE
	EndGlobalSection
	GlobalSection(ExtensibilityGlobals) = postSolution
		SolutionGuid = {28C942D5-34B8-4E02-8176-E1F479E09159}
	EndGlobalSection
EndGlobal
